
Microsoft Visual Studio Solution File, Format Version 12.00
# Visual Studio 2015
Project("{FAE04EC0-301F-11D3-BF4B-00C04F79EFBC}") = "LEAPMO~1", "LEAPMO~1.csproj", "{748E7F59-D51B-1516-033B-984624CA5BA3}"
EndProject
Project("{FAE04EC0-301F-11D3-BF4B-00C04F79EFBC}") = "LEAPMO~1.Editor", "LEAPMO~1.Editor.csproj", "{7FF47157-7A1D-B7D1-DA32-5873F5F23EAC}"
EndProject
Global
	GlobalSection(SolutionConfigurationPlatforms) = preSolution
		Debug|Any CPU = Debug|Any CPU
		Release|Any CPU = Release|Any CPU
	EndGlobalSection
	GlobalSection(ProjectConfigurationPlatforms) = postSolution
		{748E7F59-D51B-1516-033B-984624CA5BA3}.Debug|Any CPU.ActiveCfg = Debug|Any CPU
		{748E7F59-D51B-1516-033B-984624CA5BA3}.Debug|Any CPU.Build.0 = Debug|Any CPU
		{748E7F59-D51B-1516-033B-984624CA5BA3}.Release|Any CPU.ActiveCfg = Release|Any CPU
		{748E7F59-D51B-1516-033B-984624CA5BA3}.Release|Any CPU.Build.0 = Release|Any CPU
		{7FF47157-7A1D-B7D1-DA32-5873F5F23EAC}.Debug|Any CPU.ActiveCfg = Debug|Any CPU
		{7FF47157-7A1D-B7D1-DA32-5873F5F23EAC}.Debug|Any CPU.Build.0 = Debug|Any CPU
		{7FF47157-7A1D-B7D1-DA32-5873F5F23EAC}.Release|Any CPU.ActiveCfg = Release|Any CPU
		{7FF47157-7A1D-B7D1-DA32-5873F5F23EAC}.Release|Any CPU.Build.0 = Release|Any CPU
	EndGlobalSection
	GlobalSection(SolutionProperties) = preSolution
		HideSolutionNode = FALSE
	EndGlobalSection
EndGlobal
